// !$*UTF8*$!
{
	archiveVersion = 1;
	classes = {
	};
	objectVersion = 48;
	objects = {

/* Begin PBXBuildFile section */
		06165BED20152AFA007651A6 /* UIViewControllerExt.swift in Sources */ = {isa = PBXBuildFile; fileRef = 06165BEC20152AF9007651A6 /* UIViewControllerExt.swift */; };
		0617D2112007F3370092CCFE /* PostMessageViewController.swift in Sources */ = {isa = PBXBuildFile; fileRef = 0617D2102007F3370092CCFE /* PostMessageViewController.swift */; };
		0617D21620082BA60092CCFE /* UIViewExtForKeyboard.swift in Sources */ = {isa = PBXBuildFile; fileRef = 0617D21520082BA60092CCFE /* UIViewExtForKeyboard.swift */; };
		0625F71B2004011600B7DADF /* CustomUIButton.swift in Sources */ = {isa = PBXBuildFile; fileRef = 0625F71A2004011600B7DADF /* CustomUIButton.swift */; };
		0625F71D2004056E00B7DADF /* SignUpViewController.swift in Sources */ = {isa = PBXBuildFile; fileRef = 0625F71C2004056E00B7DADF /* SignUpViewController.swift */; };
		062A8196201E4F83005CBF79 /* SearchBarDisplayUserCell.swift in Sources */ = {isa = PBXBuildFile; fileRef = 062A8195201E4F83005CBF79 /* SearchBarDisplayUserCell.swift */; };
		063F3C2D201D4E6F003ABAC8 /* AddGroupMemberViewController.swift in Sources */ = {isa = PBXBuildFile; fileRef = 063F3C2C201D4E6F003ABAC8 /* AddGroupMemberViewController.swift */; };
		064B5925200E7410009C6AAD /* addGroupMembersTableViewCell.swift in Sources */ = {isa = PBXBuildFile; fileRef = 064B5924200E7410009C6AAD /* addGroupMembersTableViewCell.swift */; };
		064C8E8C1FFEA96700C8C361 /* AppDelegate.swift in Sources */ = {isa = PBXBuildFile; fileRef = 064C8E8B1FFEA96700C8C361 /* AppDelegate.swift */; };
		064C8E8E1FFEA96700C8C361 /* BoardViewController.swift in Sources */ = {isa = PBXBuildFile; fileRef = 064C8E8D1FFEA96700C8C361 /* BoardViewController.swift */; };
		064C8E901FFEA96700C8C361 /* GroupViewController.swift in Sources */ = {isa = PBXBuildFile; fileRef = 064C8E8F1FFEA96700C8C361 /* GroupViewController.swift */; };
		064C8E931FFEA96700C8C361 /* Main.storyboard in Resources */ = {isa = PBXBuildFile; fileRef = 064C8E911FFEA96700C8C361 /* Main.storyboard */; };
		064C8E951FFEA96800C8C361 /* Assets.xcassets in Resources */ = {isa = PBXBuildFile; fileRef = 064C8E941FFEA96800C8C361 /* Assets.xcassets */; };
		064C8E981FFEA96800C8C361 /* LaunchScreen.storyboard in Resources */ = {isa = PBXBuildFile; fileRef = 064C8E961FFEA96800C8C361 /* LaunchScreen.storyboard */; };
		064C8EA51FFEAFD800C8C361 /* GoogleService-Info.plist in Resources */ = {isa = PBXBuildFile; fileRef = 064C8EA41FFEAFD800C8C361 /* GoogleService-Info.plist */; };
		064C8EAC1FFEB59200C8C361 /* DataServices.swift in Sources */ = {isa = PBXBuildFile; fileRef = 064C8EAB1FFEB59200C8C361 /* DataServices.swift */; };
		064F61242005757500D11C14 /* MeViewController.swift in Sources */ = {isa = PBXBuildFile; fileRef = 064F61232005757500D11C14 /* MeViewController.swift */; };
		066FC3C12002C73500DC20E0 /* CustomUITextField.swift in Sources */ = {isa = PBXBuildFile; fileRef = 066FC3C02002C73500DC20E0 /* CustomUITextField.swift */; };
		066FC3C32002CAC700DC20E0 /* ShadowUIView.swift in Sources */ = {isa = PBXBuildFile; fileRef = 066FC3C22002CAC700DC20E0 /* ShadowUIView.swift */; };
		066FC3C52002CF4F00DC20E0 /* AuthServices.swift in Sources */ = {isa = PBXBuildFile; fileRef = 066FC3C42002CF4F00DC20E0 /* AuthServices.swift */; };
		069193FE201FD79E00AE102A /* ProfileImageCollectionViewCell.swift in Sources */ = {isa = PBXBuildFile; fileRef = 069193FD201FD79E00AE102A /* ProfileImageCollectionViewCell.swift */; };
		06A29E77201BB0E6007923F8 /* UserPostsCell.swift in Sources */ = {isa = PBXBuildFile; fileRef = 06A29E76201BB0E6007923F8 /* UserPostsCell.swift */; };
		06AFA09D1FFEE65A00AB61B8 /* LoginViewController.swift in Sources */ = {isa = PBXBuildFile; fileRef = 06AFA09C1FFEE65A00AB61B8 /* LoginViewController.swift */; };
		06BF2E5A2013D48900C25CBD /* GroupChatViewController.swift in Sources */ = {isa = PBXBuildFile; fileRef = 06BF2E592013D48900C25CBD /* GroupChatViewController.swift */; };
		06BF2E5C2013D96B00C25CBD /* GroupUsersMessagesTableViewCell.swift in Sources */ = {isa = PBXBuildFile; fileRef = 06BF2E5B2013D96B00C25CBD /* GroupUsersMessagesTableViewCell.swift */; };
		06BF2E5E2013D98500C25CBD /* GroupYourMessagesTableViewCell.swift in Sources */ = {isa = PBXBuildFile; fileRef = 06BF2E5D2013D98500C25CBD /* GroupYourMessagesTableViewCell.swift */; };
		06CF4C6D201FAE0A00100A33 /* ProfileImageCell.swift in Sources */ = {isa = PBXBuildFile; fileRef = 06CF4C6C201FAE0A00100A33 /* ProfileImageCell.swift */; };
		06D542732006A38700FBEFE2 /* ResetPasswordViewController.swift in Sources */ = {isa = PBXBuildFile; fileRef = 06D542722006A38700FBEFE2 /* ResetPasswordViewController.swift */; };
		06E33BB7200FD95D007E4B19 /* GroupTableViewCell.swift in Sources */ = {isa = PBXBuildFile; fileRef = 06E33BB6200FD95D007E4B19 /* GroupTableViewCell.swift */; };
		06E33BB9200FE79C007E4B19 /* GroupData.swift in Sources */ = {isa = PBXBuildFile; fileRef = 06E33BB8200FE79C007E4B19 /* GroupData.swift */; };
		06F903E4200AAB6E00FECBCB /* CreateGroupViewController.swift in Sources */ = {isa = PBXBuildFile; fileRef = 06F903E3200AAB6D00FECBCB /* CreateGroupViewController.swift */; };
		06FDB4632009374000491CD4 /* UsersMessageTableViewCell.swift in Sources */ = {isa = PBXBuildFile; fileRef = 06FDB4622009374000491CD4 /* UsersMessageTableViewCell.swift */; };
		06FDB4652009376000491CD4 /* YourMessageTableViewCell.swift in Sources */ = {isa = PBXBuildFile; fileRef = 06FDB4642009376000491CD4 /* YourMessageTableViewCell.swift */; };
		06FDB46920093D5800491CD4 /* MessageData.swift in Sources */ = {isa = PBXBuildFile; fileRef = 06FDB46820093D5800491CD4 /* MessageData.swift */; };
		06FE0DB72017B4C300C8F975 /* CustomImageView.swift in Sources */ = {isa = PBXBuildFile; fileRef = 06FE0DB62017B4C300C8F975 /* CustomImageView.swift */; };
		A04E56C1411CF7460DE8FE65 /* Pods_Study_Space.framework in Frameworks */ = {isa = PBXBuildFile; fileRef = 9B5D3E820B0FBFEB0D46D181 /* Pods_Study_Space.framework */; };
/* End PBXBuildFile section */

/* Begin PBXFileReference section */
		06165BEC20152AF9007651A6 /* UIViewControllerExt.swift */ = {isa = PBXFileReference; fileEncoding = 4; lastKnownFileType = sourcecode.swift; path = UIViewControllerExt.swift; sourceTree = "<group>"; };
		0617D2102007F3370092CCFE /* PostMessageViewController.swift */ = {isa = PBXFileReference; lastKnownFileType = sourcecode.swift; path = PostMessageViewController.swift; sourceTree = "<group>"; };
		0617D21520082BA60092CCFE /* UIViewExtForKeyboard.swift */ = {isa = PBXFileReference; lastKnownFileType = sourcecode.swift; path = UIViewExtForKeyboard.swift; sourceTree = "<group>"; };
		0625F71A2004011600B7DADF /* CustomUIButton.swift */ = {isa = PBXFileReference; lastKnownFileType = sourcecode.swift; path = CustomUIButton.swift; sourceTree = "<group>"; };
		0625F71C2004056E00B7DADF /* SignUpViewController.swift */ = {isa = PBXFileReference; lastKnownFileType = sourcecode.swift; path = SignUpViewController.swift; sourceTree = "<group>"; };
		062A8195201E4F83005CBF79 /* SearchBarDisplayUserCell.swift */ = {isa = PBXFileReference; lastKnownFileType = sourcecode.swift; path = SearchBarDisplayUserCell.swift; sourceTree = "<group>"; };
		063F3C2C201D4E6F003ABAC8 /* AddGroupMemberViewController.swift */ = {isa = PBXFileReference; lastKnownFileType = sourcecode.swift; path = AddGroupMemberViewController.swift; sourceTree = "<group>"; };
		064B5924200E7410009C6AAD /* addGroupMembersTableViewCell.swift */ = {isa = PBXFileReference; lastKnownFileType = sourcecode.swift; path = addGroupMembersTableViewCell.swift; sourceTree = "<group>"; };
		064C8E881FFEA96700C8C361 /* Study Space.app */ = {isa = PBXFileReference; explicitFileType = wrapper.application; includeInIndex = 0; path = "Study Space.app"; sourceTree = BUILT_PRODUCTS_DIR; };
		064C8E8B1FFEA96700C8C361 /* AppDelegate.swift */ = {isa = PBXFileReference; lastKnownFileType = sourcecode.swift; path = AppDelegate.swift; sourceTree = "<group>"; };
		064C8E8D1FFEA96700C8C361 /* BoardViewController.swift */ = {isa = PBXFileReference; lastKnownFileType = sourcecode.swift; path = BoardViewController.swift; sourceTree = "<group>"; };
		064C8E8F1FFEA96700C8C361 /* GroupViewController.swift */ = {isa = PBXFileReference; lastKnownFileType = sourcecode.swift; path = GroupViewController.swift; sourceTree = "<group>"; };
		064C8E921FFEA96700C8C361 /* Base */ = {isa = PBXFileReference; lastKnownFileType = file.storyboard; name = Base; path = Base.lproj/Main.storyboard; sourceTree = "<group>"; };
		064C8E941FFEA96800C8C361 /* Assets.xcassets */ = {isa = PBXFileReference; lastKnownFileType = folder.assetcatalog; path = Assets.xcassets; sourceTree = "<group>"; };
		064C8E971FFEA96800C8C361 /* Base */ = {isa = PBXFileReference; lastKnownFileType = file.storyboard; name = Base; path = Base.lproj/LaunchScreen.storyboard; sourceTree = "<group>"; };
		064C8E991FFEA96800C8C361 /* Info.plist */ = {isa = PBXFileReference; lastKnownFileType = text.plist.xml; path = Info.plist; sourceTree = "<group>"; };
		064C8EA41FFEAFD800C8C361 /* GoogleService-Info.plist */ = {isa = PBXFileReference; fileEncoding = 4; lastKnownFileType = text.plist.xml; path = "GoogleService-Info.plist"; sourceTree = "<group>"; };
		064C8EAB1FFEB59200C8C361 /* DataServices.swift */ = {isa = PBXFileReference; lastKnownFileType = sourcecode.swift; path = DataServices.swift; sourceTree = "<group>"; };
		064F61232005757500D11C14 /* MeViewController.swift */ = {isa = PBXFileReference; lastKnownFileType = sourcecode.swift; path = MeViewController.swift; sourceTree = "<group>"; };
		066FC3C02002C73500DC20E0 /* CustomUITextField.swift */ = {isa = PBXFileReference; lastKnownFileType = sourcecode.swift; path = CustomUITextField.swift; sourceTree = "<group>"; };
		066FC3C22002CAC700DC20E0 /* ShadowUIView.swift */ = {isa = PBXFileReference; lastKnownFileType = sourcecode.swift; path = ShadowUIView.swift; sourceTree = "<group>"; };
		066FC3C42002CF4F00DC20E0 /* AuthServices.swift */ = {isa = PBXFileReference; lastKnownFileType = sourcecode.swift; path = AuthServices.swift; sourceTree = "<group>"; };
		069193FD201FD79E00AE102A /* ProfileImageCollectionViewCell.swift */ = {isa = PBXFileReference; lastKnownFileType = sourcecode.swift; path = ProfileImageCollectionViewCell.swift; sourceTree = "<group>"; };
		06A29E76201BB0E6007923F8 /* UserPostsCell.swift */ = {isa = PBXFileReference; lastKnownFileType = sourcecode.swift; path = UserPostsCell.swift; sourceTree = "<group>"; };
		06AFA09C1FFEE65A00AB61B8 /* LoginViewController.swift */ = {isa = PBXFileReference; lastKnownFileType = sourcecode.swift; path = LoginViewController.swift; sourceTree = "<group>"; };
		06BF2E592013D48900C25CBD /* GroupChatViewController.swift */ = {isa = PBXFileReference; lastKnownFileType = sourcecode.swift; path = GroupChatViewController.swift; sourceTree = "<group>"; };
		06BF2E5B2013D96B00C25CBD /* GroupUsersMessagesTableViewCell.swift */ = {isa = PBXFileReference; lastKnownFileType = sourcecode.swift; path = GroupUsersMessagesTableViewCell.swift; sourceTree = "<group>"; };
		06BF2E5D2013D98500C25CBD /* GroupYourMessagesTableViewCell.swift */ = {isa = PBXFileReference; lastKnownFileType = sourcecode.swift; path = GroupYourMessagesTableViewCell.swift; sourceTree = "<group>"; };
		06CF4C6C201FAE0A00100A33 /* ProfileImageCell.swift */ = {isa = PBXFileReference; lastKnownFileType = sourcecode.swift; path = ProfileImageCell.swift; sourceTree = "<group>"; };
		06D542722006A38700FBEFE2 /* ResetPasswordViewController.swift */ = {isa = PBXFileReference; lastKnownFileType = sourcecode.swift; path = ResetPasswordViewController.swift; sourceTree = "<group>"; };
		06E33BB6200FD95D007E4B19 /* GroupTableViewCell.swift */ = {isa = PBXFileReference; lastKnownFileType = sourcecode.swift; path = GroupTableViewCell.swift; sourceTree = "<group>"; };
		06E33BB8200FE79C007E4B19 /* GroupData.swift */ = {isa = PBXFileReference; lastKnownFileType = sourcecode.swift; path = GroupData.swift; sourceTree = "<group>"; };
		06F903E3200AAB6D00FECBCB /* CreateGroupViewController.swift */ = {isa = PBXFileReference; lastKnownFileType = sourcecode.swift; path = CreateGroupViewController.swift; sourceTree = "<group>"; };
		06FDB4622009374000491CD4 /* UsersMessageTableViewCell.swift */ = {isa = PBXFileReference; lastKnownFileType = sourcecode.swift; path = UsersMessageTableViewCell.swift; sourceTree = "<group>"; };
		06FDB4642009376000491CD4 /* YourMessageTableViewCell.swift */ = {isa = PBXFileReference; lastKnownFileType = sourcecode.swift; path = YourMessageTableViewCell.swift; sourceTree = "<group>"; };
		06FDB46820093D5800491CD4 /* MessageData.swift */ = {isa = PBXFileReference; lastKnownFileType = sourcecode.swift; path = MessageData.swift; sourceTree = "<group>"; };
		06FE0DB62017B4C300C8F975 /* CustomImageView.swift */ = {isa = PBXFileReference; lastKnownFileType = sourcecode.swift; path = CustomImageView.swift; sourceTree = "<group>"; };
		10A652BAF1143E90B3D7FD0B /* Pods-Study Space.debug.xcconfig */ = {isa = PBXFileReference; includeInIndex = 1; lastKnownFileType = text.xcconfig; name = "Pods-Study Space.debug.xcconfig"; path = "Pods/Target Support Files/Pods-Study Space/Pods-Study Space.debug.xcconfig"; sourceTree = "<group>"; };
		9B5D3E820B0FBFEB0D46D181 /* Pods_Study_Space.framework */ = {isa = PBXFileReference; explicitFileType = wrapper.framework; includeInIndex = 0; path = Pods_Study_Space.framework; sourceTree = BUILT_PRODUCTS_DIR; };
		C9F7059473FD87E871620791 /* Pods-Study Space.release.xcconfig */ = {isa = PBXFileReference; includeInIndex = 1; lastKnownFileType = text.xcconfig; name = "Pods-Study Space.release.xcconfig"; path = "Pods/Target Support Files/Pods-Study Space/Pods-Study Space.release.xcconfig"; sourceTree = "<group>"; };
/* End PBXFileReference section */

/* Begin PBXFrameworksBuildPhase section */
		064C8E851FFEA96700C8C361 /* Frameworks */ = {
			isa = PBXFrameworksBuildPhase;
			buildActionMask = 2147483647;
			files = (
				A04E56C1411CF7460DE8FE65 /* Pods_Study_Space.framework in Frameworks */,
			);
			runOnlyForDeploymentPostprocessing = 0;
		};
/* End PBXFrameworksBuildPhase section */

/* Begin PBXGroup section */
		064C8E7F1FFEA96700C8C361 = {
			isa = PBXGroup;
			children = (
				064C8E8A1FFEA96700C8C361 /* Study Space */,
				064C8E891FFEA96700C8C361 /* Products */,
				903A5D195538D513EE407A21 /* Pods */,
				D711D5E93645D8B336473A65 /* Frameworks */,
			);
			sourceTree = "<group>";
		};
		064C8E891FFEA96700C8C361 /* Products */ = {
			isa = PBXGroup;
			children = (
				064C8E881FFEA96700C8C361 /* Study Space.app */,
			);
			name = Products;
			sourceTree = "<group>";
		};
		064C8E8A1FFEA96700C8C361 /* Study Space */ = {
			isa = PBXGroup;
			children = (
				064C8EA31FFEAAA700C8C361 /* Services */,
				064C8EA21FFEAA9A00C8C361 /* Extensions */,
				064C8EA11FFEAA9300C8C361 /* Model */,
				064C8EA01FFEAA8500C8C361 /* View */,
				064C8E9F1FFEAA6F00C8C361 /* Controller */,
				064C8E8B1FFEA96700C8C361 /* AppDelegate.swift */,
				064C8E911FFEA96700C8C361 /* Main.storyboard */,
				064C8E941FFEA96800C8C361 /* Assets.xcassets */,
				064C8E961FFEA96800C8C361 /* LaunchScreen.storyboard */,
				064C8E991FFEA96800C8C361 /* Info.plist */,
				064C8EA41FFEAFD800C8C361 /* GoogleService-Info.plist */,
			);
			path = "Study Space";
			sourceTree = "<group>";
		};
		064C8E9F1FFEAA6F00C8C361 /* Controller */ = {
			isa = PBXGroup;
			children = (
				064C8E8D1FFEA96700C8C361 /* BoardViewController.swift */,
				0617D2102007F3370092CCFE /* PostMessageViewController.swift */,
				06F903E3200AAB6D00FECBCB /* CreateGroupViewController.swift */,
				064C8E8F1FFEA96700C8C361 /* GroupViewController.swift */,
				06BF2E592013D48900C25CBD /* GroupChatViewController.swift */,
				063F3C2C201D4E6F003ABAC8 /* AddGroupMemberViewController.swift */,
				064F61232005757500D11C14 /* MeViewController.swift */,
				06AFA09C1FFEE65A00AB61B8 /* LoginViewController.swift */,
				0625F71C2004056E00B7DADF /* SignUpViewController.swift */,
				06D542722006A38700FBEFE2 /* ResetPasswordViewController.swift */,
			);
			path = Controller;
			sourceTree = "<group>";
		};
		064C8EA01FFEAA8500C8C361 /* View */ = {
			isa = PBXGroup;
			children = (
				066FC3C02002C73500DC20E0 /* CustomUITextField.swift */,
				066FC3C22002CAC700DC20E0 /* ShadowUIView.swift */,
				0625F71A2004011600B7DADF /* CustomUIButton.swift */,
				06FE0DB62017B4C300C8F975 /* CustomImageView.swift */,
				06FDB4622009374000491CD4 /* UsersMessageTableViewCell.swift */,
				06FDB4642009376000491CD4 /* YourMessageTableViewCell.swift */,
				064B5924200E7410009C6AAD /* addGroupMembersTableViewCell.swift */,
				06E33BB6200FD95D007E4B19 /* GroupTableViewCell.swift */,
				06BF2E5B2013D96B00C25CBD /* GroupUsersMessagesTableViewCell.swift */,
				06BF2E5D2013D98500C25CBD /* GroupYourMessagesTableViewCell.swift */,
				06A29E76201BB0E6007923F8 /* UserPostsCell.swift */,
				062A8195201E4F83005CBF79 /* SearchBarDisplayUserCell.swift */,
				06CF4C6C201FAE0A00100A33 /* ProfileImageCell.swift */,
				069193FD201FD79E00AE102A /* ProfileImageCollectionViewCell.swift */,
			);
			path = View;
			sourceTree = "<group>";
		};
		064C8EA11FFEAA9300C8C361 /* Model */ = {
			isa = PBXGroup;
			children = (
				06FDB46820093D5800491CD4 /* MessageData.swift */,
				06E33BB8200FE79C007E4B19 /* GroupData.swift */,
			);
			path = Model;
			sourceTree = "<group>";
		};
		064C8EA21FFEAA9A00C8C361 /* Extensions */ = {
			isa = PBXGroup;
			children = (
				0617D21520082BA60092CCFE /* UIViewExtForKeyboard.swift */,
				06165BEC20152AF9007651A6 /* UIViewControllerExt.swift */,
			);
			path = Extensions;
			sourceTree = "<group>";
		};
		064C8EA31FFEAAA700C8C361 /* Services */ = {
			isa = PBXGroup;
			children = (
				064C8EAB1FFEB59200C8C361 /* DataServices.swift */,
				066FC3C42002CF4F00DC20E0 /* AuthServices.swift */,
			);
			path = Services;
			sourceTree = "<group>";
		};
		903A5D195538D513EE407A21 /* Pods */ = {
			isa = PBXGroup;
			children = (
				10A652BAF1143E90B3D7FD0B /* Pods-Study Space.debug.xcconfig */,
				C9F7059473FD87E871620791 /* Pods-Study Space.release.xcconfig */,
			);
			name = Pods;
			sourceTree = "<group>";
		};
		D711D5E93645D8B336473A65 /* Frameworks */ = {
			isa = PBXGroup;
			children = (
				9B5D3E820B0FBFEB0D46D181 /* Pods_Study_Space.framework */,
			);
			name = Frameworks;
			sourceTree = "<group>";
		};
/* End PBXGroup section */

/* Begin PBXNativeTarget section */
		064C8E871FFEA96700C8C361 /* Study Space */ = {
			isa = PBXNativeTarget;
			buildConfigurationList = 064C8E9C1FFEA96800C8C361 /* Build configuration list for PBXNativeTarget "Study Space" */;
			buildPhases = (
				4E870657BE58D56EDDC8D2E2 /* [CP] Check Pods Manifest.lock */,
				064C8E841FFEA96700C8C361 /* Sources */,
				064C8E851FFEA96700C8C361 /* Frameworks */,
				064C8E861FFEA96700C8C361 /* Resources */,
				50E91C38E73D33A45BC90FB6 /* [CP] Embed Pods Frameworks */,
				7EE7E285B66809E4D7F04908 /* [CP] Copy Pods Resources */,
			);
			buildRules = (
			);
			dependencies = (
			);
			name = "Study Space";
			productName = "Study Space";
			productReference = 064C8E881FFEA96700C8C361 /* Study Space.app */;
			productType = "com.apple.product-type.application";
		};
/* End PBXNativeTarget section */

/* Begin PBXProject section */
		064C8E801FFEA96700C8C361 /* Project object */ = {
			isa = PBXProject;
			attributes = {
				LastSwiftUpdateCheck = 0920;
				LastUpgradeCheck = 0920;
				ORGANIZATIONNAME = GrayStudio;
				TargetAttributes = {
					064C8E871FFEA96700C8C361 = {
						CreatedOnToolsVersion = 9.2;
						ProvisioningStyle = Automatic;
					};
				};
			};
			buildConfigurationList = 064C8E831FFEA96700C8C361 /* Build configuration list for PBXProject "Study Space" */;
			compatibilityVersion = "Xcode 8.0";
			developmentRegion = en;
			hasScannedForEncodings = 0;
			knownRegions = (
				en,
				Base,
			);
			mainGroup = 064C8E7F1FFEA96700C8C361;
			productRefGroup = 064C8E891FFEA96700C8C361 /* Products */;
			projectDirPath = "";
			projectRoot = "";
			targets = (
				064C8E871FFEA96700C8C361 /* Study Space */,
			);
		};
/* End PBXProject section */

/* Begin PBXResourcesBuildPhase section */
		064C8E861FFEA96700C8C361 /* Resources */ = {
			isa = PBXResourcesBuildPhase;
			buildActionMask = 2147483647;
			files = (
				064C8E981FFEA96800C8C361 /* LaunchScreen.storyboard in Resources */,
				064C8EA51FFEAFD800C8C361 /* GoogleService-Info.plist in Resources */,
				064C8E951FFEA96800C8C361 /* Assets.xcassets in Resources */,
				064C8E931FFEA96700C8C361 /* Main.storyboard in Resources */,
			);
			runOnlyForDeploymentPostprocessing = 0;
		};
/* End PBXResourcesBuildPhase section */

/* Begin PBXShellScriptBuildPhase section */
		4E870657BE58D56EDDC8D2E2 /* [CP] Check Pods Manifest.lock */ = {
			isa = PBXShellScriptBuildPhase;
			buildActionMask = 2147483647;
			files = (
			);
			inputPaths = (
				"${PODS_PODFILE_DIR_PATH}/Podfile.lock",
				"${PODS_ROOT}/Manifest.lock",
			);
			name = "[CP] Check Pods Manifest.lock";
			outputPaths = (
				"$(DERIVED_FILE_DIR)/Pods-Study Space-checkManifestLockResult.txt",
			);
			runOnlyForDeploymentPostprocessing = 0;
			shellPath = /bin/sh;
			shellScript = "diff \"${PODS_PODFILE_DIR_PATH}/Podfile.lock\" \"${PODS_ROOT}/Manifest.lock\" > /dev/null\nif [ $? != 0 ] ; then\n    # print error to STDERR\n    echo \"error: The sandbox is not in sync with the Podfile.lock. Run 'pod install' or update your CocoaPods installation.\" >&2\n    exit 1\nfi\n# This output is used by Xcode 'outputs' to avoid re-running this script phase.\necho \"SUCCESS\" > \"${SCRIPT_OUTPUT_FILE_0}\"\n";
			showEnvVarsInLog = 0;
		};
		50E91C38E73D33A45BC90FB6 /* [CP] Embed Pods Frameworks */ = {
			isa = PBXShellScriptBuildPhase;
			buildActionMask = 2147483647;
			files = (
			);
			inputPaths = (
				"${SRCROOT}/Pods/Target Support Files/Pods-Study Space/Pods-Study Space-frameworks.sh",
				"${BUILT_PRODUCTS_DIR}/GTMSessionFetcher/GTMSessionFetcher.framework",
				"${BUILT_PRODUCTS_DIR}/GoogleToolboxForMac/GoogleToolboxForMac.framework",
				"${BUILT_PRODUCTS_DIR}/leveldb-library/leveldb.framework",
				"${BUILT_PRODUCTS_DIR}/nanopb/nanopb.framework",
			);
			name = "[CP] Embed Pods Frameworks";
			outputPaths = (
				"${TARGET_BUILD_DIR}/${FRAMEWORKS_FOLDER_PATH}/GTMSessionFetcher.framework",
				"${TARGET_BUILD_DIR}/${FRAMEWORKS_FOLDER_PATH}/GoogleToolboxForMac.framework",
				"${TARGET_BUILD_DIR}/${FRAMEWORKS_FOLDER_PATH}/leveldb.framework",
				"${TARGET_BUILD_DIR}/${FRAMEWORKS_FOLDER_PATH}/nanopb.framework",
			);
			runOnlyForDeploymentPostprocessing = 0;
			shellPath = /bin/sh;
			shellScript = "\"${SRCROOT}/Pods/Target Support Files/Pods-Study Space/Pods-Study Space-frameworks.sh\"\n";
			showEnvVarsInLog = 0;
		};
		7EE7E285B66809E4D7F04908 /* [CP] Copy Pods Resources */ = {
			isa = PBXShellScriptBuildPhase;
			buildActionMask = 2147483647;
			files = (
			);
			inputPaths = (
			);
			name = "[CP] Copy Pods Resources";
			outputPaths = (
			);
			runOnlyForDeploymentPostprocessing = 0;
			shellPath = /bin/sh;
			shellScript = "\"${SRCROOT}/Pods/Target Support Files/Pods-Study Space/Pods-Study Space-resources.sh\"\n";
			showEnvVarsInLog = 0;
		};
/* End PBXShellScriptBuildPhase section */

/* Begin PBXSourcesBuildPhase section */
		064C8E841FFEA96700C8C361 /* Sources */ = {
			isa = PBXSourcesBuildPhase;
			buildActionMask = 2147483647;
			files = (
				06FDB4652009376000491CD4 /* YourMessageTableViewCell.swift in Sources */,
				06AFA09D1FFEE65A00AB61B8 /* LoginViewController.swift in Sources */,
				064C8E901FFEA96700C8C361 /* GroupViewController.swift in Sources */,
				066FC3C12002C73500DC20E0 /* CustomUITextField.swift in Sources */,
				066FC3C52002CF4F00DC20E0 /* AuthServices.swift in Sources */,
				06165BED20152AFA007651A6 /* UIViewControllerExt.swift in Sources */,
				0625F71D2004056E00B7DADF /* SignUpViewController.swift in Sources */,
				06A29E77201BB0E6007923F8 /* UserPostsCell.swift in Sources */,
				06BF2E5E2013D98500C25CBD /* GroupYourMessagesTableViewCell.swift in Sources */,
				062A8196201E4F83005CBF79 /* SearchBarDisplayUserCell.swift in Sources */,
				064F61242005757500D11C14 /* MeViewController.swift in Sources */,
				06CF4C6D201FAE0A00100A33 /* ProfileImageCell.swift in Sources */,
				0625F71B2004011600B7DADF /* CustomUIButton.swift in Sources */,
				064C8E8C1FFEA96700C8C361 /* AppDelegate.swift in Sources */,
				06BF2E5C2013D96B00C25CBD /* GroupUsersMessagesTableViewCell.swift in Sources */,
				064B5925200E7410009C6AAD /* addGroupMembersTableViewCell.swift in Sources */,
				06BF2E5A2013D48900C25CBD /* GroupChatViewController.swift in Sources */,
				06E33BB9200FE79C007E4B19 /* GroupData.swift in Sources */,
				06D542732006A38700FBEFE2 /* ResetPasswordViewController.swift in Sources */,
				0617D21620082BA60092CCFE /* UIViewExtForKeyboard.swift in Sources */,
				063F3C2D201D4E6F003ABAC8 /* AddGroupMemberViewController.swift in Sources */,
				066FC3C32002CAC700DC20E0 /* ShadowUIView.swift in Sources */,
				064C8E8E1FFEA96700C8C361 /* BoardViewController.swift in Sources */,
				06FDB46920093D5800491CD4 /* MessageData.swift in Sources */,
				06F903E4200AAB6E00FECBCB /* CreateGroupViewController.swift in Sources */,
				06FDB4632009374000491CD4 /* UsersMessageTableViewCell.swift in Sources */,
				0617D2112007F3370092CCFE /* PostMessageViewController.swift in Sources */,
				064C8EAC1FFEB59200C8C361 /* DataServices.swift in Sources */,
				069193FE201FD79E00AE102A /* ProfileImageCollectionViewCell.swift in Sources */,
				06E33BB7200FD95D007E4B19 /* GroupTableViewCell.swift in Sources */,
				06FE0DB72017B4C300C8F975 /* CustomImageView.swift in Sources */,
			);
			runOnlyForDeploymentPostprocessing = 0;
		};
/* End PBXSourcesBuildPhase section */

/* Begin PBXVariantGroup section */
		064C8E911FFEA96700C8C361 /* Main.storyboard */ = {
			isa = PBXVariantGroup;
			children = (
				064C8E921FFEA96700C8C361 /* Base */,
			);
			name = Main.storyboard;
			sourceTree = "<group>";
		};
		064C8E961FFEA96800C8C361 /* LaunchScreen.storyboard */ = {
			isa = PBXVariantGroup;
			children = (
				064C8E971FFEA96800C8C361 /* Base */,
			);
			name = LaunchScreen.storyboard;
			sourceTree = "<group>";
		};
/* End PBXVariantGroup section */

/* Begin XCBuildConfiguration section */
		064C8E9A1FFEA96800C8C361 /* Debug */ = {
			isa = XCBuildConfiguration;
			buildSettings = {
				ALWAYS_SEARCH_USER_PATHS = NO;
				CLANG_ANALYZER_NONNULL = YES;
				CLANG_ANALYZER_NUMBER_OBJECT_CONVERSION = YES_AGGRESSIVE;
				CLANG_CXX_LANGUAGE_STANDARD = "gnu++14";
				CLANG_CXX_LIBRARY = "libc++";
				CLANG_ENABLE_MODULES = YES;
				CLANG_ENABLE_OBJC_ARC = YES;
				CLANG_WARN_BLOCK_CAPTURE_AUTORELEASING = YES;
				CLANG_WARN_BOOL_CONVERSION = YES;
				CLANG_WARN_COMMA = YES;
				CLANG_WARN_CONSTANT_CONVERSION = YES;
				CLANG_WARN_DIRECT_OBJC_ISA_USAGE = YES_ERROR;
				CLANG_WARN_DOCUMENTATION_COMMENTS = YES;
				CLANG_WARN_EMPTY_BODY = YES;
				CLANG_WARN_ENUM_CONVERSION = YES;
				CLANG_WARN_INFINITE_RECURSION = YES;
				CLANG_WARN_INT_CONVERSION = YES;
				CLANG_WARN_NON_LITERAL_NULL_CONVERSION = YES;
				CLANG_WARN_OBJC_LITERAL_CONVERSION = YES;
				CLANG_WARN_OBJC_ROOT_CLASS = YES_ERROR;
				CLANG_WARN_RANGE_LOOP_ANALYSIS = YES;
				CLANG_WARN_STRICT_PROTOTYPES = YES;
				CLANG_WARN_SUSPICIOUS_MOVE = YES;
				CLANG_WARN_UNGUARDED_AVAILABILITY = YES_AGGRESSIVE;
				CLANG_WARN_UNREACHABLE_CODE = YES;
				CLANG_WARN__DUPLICATE_METHOD_MATCH = YES;
				CODE_SIGN_IDENTITY = "iPhone Developer";
				COPY_PHASE_STRIP = NO;
				DEBUG_INFORMATION_FORMAT = dwarf;
				ENABLE_STRICT_OBJC_MSGSEND = YES;
				ENABLE_TESTABILITY = YES;
				GCC_C_LANGUAGE_STANDARD = gnu11;
				GCC_DYNAMIC_NO_PIC = NO;
				GCC_NO_COMMON_BLOCKS = YES;
				GCC_OPTIMIZATION_LEVEL = 0;
				GCC_PREPROCESSOR_DEFINITIONS = (
					"DEBUG=1",
					"$(inherited)",
				);
				GCC_WARN_64_TO_32_BIT_CONVERSION = YES;
				GCC_WARN_ABOUT_RETURN_TYPE = YES_ERROR;
				GCC_WARN_UNDECLARED_SELECTOR = YES;
				GCC_WARN_UNINITIALIZED_AUTOS = YES_AGGRESSIVE;
				GCC_WARN_UNUSED_FUNCTION = YES;
				GCC_WARN_UNUSED_VARIABLE = YES;
				IPHONEOS_DEPLOYMENT_TARGET = 11.2;
				MTL_ENABLE_DEBUG_INFO = YES;
				ONLY_ACTIVE_ARCH = YES;
				SDKROOT = iphoneos;
				SWIFT_ACTIVE_COMPILATION_CONDITIONS = DEBUG;
				SWIFT_OPTIMIZATION_LEVEL = "-Onone";
			};
			name = Debug;
		};
		064C8E9B1FFEA96800C8C361 /* Release */ = {
			isa = XCBuildConfiguration;
			buildSettings = {
				ALWAYS_SEARCH_USER_PATHS = NO;
				CLANG_ANALYZER_NONNULL = YES;
				CLANG_ANALYZER_NUMBER_OBJECT_CONVERSION = YES_AGGRESSIVE;
				CLANG_CXX_LANGUAGE_STANDARD = "gnu++14";
				CLANG_CXX_LIBRARY = "libc++";
				CLANG_ENABLE_MODULES = YES;
				CLANG_ENABLE_OBJC_ARC = YES;
				CLANG_WARN_BLOCK_CAPTURE_AUTORELEASING = YES;
				CLANG_WARN_BOOL_CONVERSION = YES;
				CLANG_WARN_COMMA = YES;
				CLANG_WARN_CONSTANT_CONVERSION = YES;
				CLANG_WARN_DIRECT_OBJC_ISA_USAGE = YES_ERROR;
				CLANG_WARN_DOCUMENTATION_COMMENTS = YES;
				CLANG_WARN_EMPTY_BODY = YES;
				CLANG_WARN_ENUM_CONVERSION = YES;
				CLANG_WARN_INFINITE_RECURSION = YES;
				CLANG_WARN_INT_CONVERSION = YES;
				CLANG_WARN_NON_LITERAL_NULL_CONVERSION = YES;
				CLANG_WARN_OBJC_LITERAL_CONVERSION = YES;
				CLANG_WARN_OBJC_ROOT_CLASS = YES_ERROR;
				CLANG_WARN_RANGE_LOOP_ANALYSIS = YES;
				CLANG_WARN_STRICT_PROTOTYPES = YES;
				CLANG_WARN_SUSPICIOUS_MOVE = YES;
				CLANG_WARN_UNGUARDED_AVAILABILITY = YES_AGGRESSIVE;
				CLANG_WARN_UNREACHABLE_CODE = YES;
				CLANG_WARN__DUPLICATE_METHOD_MATCH = YES;
				CODE_SIGN_IDENTITY = "iPhone Developer";
				COPY_PHASE_STRIP = NO;
				DEBUG_INFORMATION_FORMAT = "dwarf-with-dsym";
				ENABLE_NS_ASSERTIONS = NO;
				ENABLE_STRICT_OBJC_MSGSEND = YES;
				GCC_C_LANGUAGE_STANDARD = gnu11;
				GCC_NO_COMMON_BLOCKS = YES;
				GCC_WARN_64_TO_32_BIT_CONVERSION = YES;
				GCC_WARN_ABOUT_RETURN_TYPE = YES_ERROR;
				GCC_WARN_UNDECLARED_SELECTOR = YES;
				GCC_WARN_UNINITIALIZED_AUTOS = YES_AGGRESSIVE;
				GCC_WARN_UNUSED_FUNCTION = YES;
				GCC_WARN_UNUSED_VARIABLE = YES;
				IPHONEOS_DEPLOYMENT_TARGET = 11.2;
				MTL_ENABLE_DEBUG_INFO = NO;
				SDKROOT = iphoneos;
				SWIFT_OPTIMIZATION_LEVEL = "-Owholemodule";
				VALIDATE_PRODUCT = YES;
			};
			name = Release;
		};
		064C8E9D1FFEA96800C8C361 /* Debug */ = {
			isa = XCBuildConfiguration;
			baseConfigurationReference = 10A652BAF1143E90B3D7FD0B /* Pods-Study Space.debug.xcconfig */;
			buildSettings = {
				ASSETCATALOG_COMPILER_APPICON_NAME = AppIcon;
				CODE_SIGN_STYLE = Automatic;
				DEVELOPMENT_TEAM = YFW23TS6BS;
				INFOPLIST_FILE = "Study Space/Info.plist";
				LD_RUNPATH_SEARCH_PATHS = "$(inherited) @executable_path/Frameworks";
				PRODUCT_BUNDLE_IDENTIFIER = "com.graystudio.Study-Space";
				PRODUCT_NAME = "$(TARGET_NAME)";
				SWIFT_VERSION = 4.0;
				TARGETED_DEVICE_FAMILY = "1,2";
			};
			name = Debug;
		};
		064C8E9E1FFEA96800C8C361 /* Release */ = {
			isa = XCBuildConfiguration;
			baseConfigurationReference = C9F7059473FD87E871620791 /* Pods-Study Space.release.xcconfig */;
			buildSettings = {
				ASSETCATALOG_COMPILER_APPICON_NAME = AppIcon;
				CODE_SIGN_STYLE = Automatic;
				DEVELOPMENT_TEAM = YFW23TS6BS;
				INFOPLIST_FILE = "Study Space/Info.plist";
				LD_RUNPATH_SEARCH_PATHS = "$(inherited) @executable_path/Frameworks";
				PRODUCT_BUNDLE_IDENTIFIER = "com.graystudio.Study-Space";
				PRODUCT_NAME = "$(TARGET_NAME)";
				SWIFT_VERSION = 4.0;
				TARGETED_DEVICE_FAMILY = "1,2";
			};
			name = Release;
		};
/* End XCBuildConfiguration section */

/* Begin XCConfigurationList section */
		064C8E831FFEA96700C8C361 /* Build configuration list for PBXProject "Study Space" */ = {
			isa = XCConfigurationList;
			buildConfigurations = (
				064C8E9A1FFEA96800C8C361 /* Debug */,
				064C8E9B1FFEA96800C8C361 /* Release */,
			);
			defaultConfigurationIsVisible = 0;
			defaultConfigurationName = Release;
		};
		064C8E9C1FFEA96800C8C361 /* Build configuration list for PBXNativeTarget "Study Space" */ = {
			isa = XCConfigurationList;
			buildConfigurations = (
				064C8E9D1FFEA96800C8C361 /* Debug */,
				064C8E9E1FFEA96800C8C361 /* Release */,
			);
			defaultConfigurationIsVisible = 0;
			defaultConfigurationName = Release;
		};
/* End XCConfigurationList section */
	};
	rootObject = 064C8E801FFEA96700C8C361 /* Project object */;
}
